
Microsoft Visual Studio Solution File, Format Version 12.00
# Visual Studio Version 17
VisualStudioVersion = 17.3.32929.385
MinimumVisualStudioVersion = 10.0.40219.1
Project("{FAE04EC0-301F-11D3-BF4B-00C04F79EFBC}") = "RomanNumerals", "RomanNumerals\RomanNumerals.csproj", "{8BEB22F6-1951-40FA-AF2C-CEAB977BE7E2}"
EndProject
Project("{FAE04EC0-301F-11D3-BF4B-00C04F79EFBC}") = "RomalNumeralsTest", "RomalNumeralsTest\RomalNumeralsTest.csproj", "{6302B484-34F5-4A4A-9A8D-8C862B7CD6F1}"
EndProject
Global
	GlobalSection(SolutionConfigurationPlatforms) = preSolution
		Debug|Any CPU = Debug|Any CPU
		Release|Any CPU = Release|Any CPU
	EndGlobalSection
	GlobalSection(ProjectConfigurationPlatforms) = postSolution
		{8BEB22F6-1951-40FA-AF2C-CEAB977BE7E2}.Debug|Any CPU.ActiveCfg = Debug|Any CPU
		{8BEB22F6-1951-40FA-AF2C-CEAB977BE7E2}.Debug|Any CPU.Build.0 = Debug|Any CPU
		{8BEB22F6-1951-40FA-AF2C-CEAB977BE7E2}.Release|Any CPU.ActiveCfg = Release|Any CPU
		{8BEB22F6-1951-40FA-AF2C-CEAB977BE7E2}.Release|Any CPU.Build.0 = Release|Any CPU
		{6302B484-34F5-4A4A-9A8D-8C862B7CD6F1}.Debug|Any CPU.ActiveCfg = Debug|Any CPU
		{6302B484-34F5-4A4A-9A8D-8C862B7CD6F1}.Debug|Any CPU.Build.0 = Debug|Any CPU
		{6302B484-34F5-4A4A-9A8D-8C862B7CD6F1}.Release|Any CPU.ActiveCfg = Release|Any CPU
		{6302B484-34F5-4A4A-9A8D-8C862B7CD6F1}.Release|Any CPU.Build.0 = Release|Any CPU
	EndGlobalSection
	GlobalSection(SolutionProperties) = preSolution
		HideSolutionNode = FALSE
	EndGlobalSection
	GlobalSection(ExtensibilityGlobals) = postSolution
		SolutionGuid = {74EC0EC9-0365-426E-B296-E118BFCC5D28}
	EndGlobalSection
EndGlobal
